{
    "name": "game-play",
    "version": "1.0.0",
    "lockfileVersion": 1,
    "requires": true,
    "dependencies": {
        "compact-base64": {
            "version": "2.1.2",
            "resolved": "https://registry.npmjs.org/compact-base64/-/compact-base64-2.1.2.tgz",
            "integrity": "sha512-3C8Zy85/a6T7jRs7ETg6CHBZHjAu5M7PPA6uskx1IXOaeagnkkiecaMeLBpXta2jN/Rmwk6Q+c1OAaCfPf7eAQ=="
        },
        "isarray": {
            "version": "0.0.1",
            "resolved": "https://registry.npmjs.org/isarray/-/isarray-0.0.1.tgz",
            "integrity": "sha1-ihis/Kmo9Bd+Cav8YDiTmwXR7t8="
        },
        "lit-html": {
            "version": "1.4.1",
            "resolved": "https://registry.npmjs.org/lit-html/-/lit-html-1.4.1.tgz",
            "integrity": "sha512-B9btcSgPYb1q4oSOb/PrOT6Z/H+r6xuNzfH4lFli/AWhYwdtrgQkQWBbIc6mdnf6E2IL3gDXdkkqNktpU0OZQA=="
        },
        "lodash": {
            "version": "4.17.21",
            "resolved": "https://registry.npmjs.org/lodash/-/lodash-4.17.21.tgz",
            "integrity": "sha512-v2kDEe57lecTulaDIuNTPy3Ry4gLGJ6Z1O3vE1krgXZNrsQ+LFTGHVxVjcXPs17LhbZVGedAJv8XZ1tvj5FvSg=="
        },
        "page": {
            "version": "1.11.6",
            "resolved": "https://registry.npmjs.org/page/-/page-1.11.6.tgz",
            "integrity": "sha512-P6e2JfzkBrPeFCIPplLP7vDDiU84RUUZMrWdsH4ZBGJ8OosnwFkcUkBHp1DTIjuipLliw9yQn/ZJsXZvarsO+g==",
            "requires": {
                "path-to-regexp": "~1.2.1"
            }
        },
        "parse-js": {
            "version": "0.7.4",
            "resolved": "https://registry.npmjs.org/parse-js/-/parse-js-0.7.4.tgz",
            "integrity": "sha512-1ejLvMUQm5Gug1vkFX2Coyg4XnftU5w9+6OlbvGCOykoEs85ihf3RNX6LfybfkY3O4suSuCmTYkPosQByrZixQ==",
            "requires": {
                "compact-base64": "^2.0.0",
                "lodash": "^4.10.0"
            }
        },
        "path-to-regexp": {
            "version": "1.2.1",
            "resolved": "https://registry.npmjs.org/path-to-regexp/-/path-to-regexp-1.2.1.tgz",
            "integrity": "sha1-szcFwUAjTYc8hyHHuf2LVB7Tr/k=",
            "requires": {
                "isarray": "0.0.1"
            }
        }
    }
}
